// !$*UTF8*$!
{
	archiveVersion = 1;
	classes = {
	};
	objectVersion = 50;
	objects = {

/* Begin PBXBuildFile section */
		79108B362259472300FB584E /* AppDelegate.swift in Sources */ = {isa = PBXBuildFile; fileRef = 79108B352259472300FB584E /* AppDelegate.swift */; };
		79108B3A2259472300FB584E /* ViewController.swift in Sources */ = {isa = PBXBuildFile; fileRef = 79108B392259472300FB584E /* ViewController.swift */; };
		79108B3D2259472300FB584E /* Main.storyboard in Resources */ = {isa = PBXBuildFile; fileRef = 79108B3B2259472300FB584E /* Main.storyboard */; };
		79108B3F2259472500FB584E /* Assets.xcassets in Resources */ = {isa = PBXBuildFile; fileRef = 79108B3E2259472500FB584E /* Assets.xcassets */; };
		79108B422259472500FB584E /* LaunchScreen.storyboard in Resources */ = {isa = PBXBuildFile; fileRef = 79108B402259472500FB584E /* LaunchScreen.storyboard */; };
		79108B5C225A4E9B00FB584E /* PokerDice.scnassets in Resources */ = {isa = PBXBuildFile; fileRef = 79108B5B225A4E9B00FB584E /* PokerDice.scnassets */; };
/* End PBXBuildFile section */

/* Begin PBXFileReference section */
		79108B322259472300FB584E /* ARPocketDice.app */ = {isa = PBXFileReference; explicitFileType = wrapper.application; includeInIndex = 0; path = ARPocketDice.app; sourceTree = BUILT_PRODUCTS_DIR; };
		79108B352259472300FB584E /* AppDelegate.swift */ = {isa = PBXFileReference; lastKnownFileType = sourcecode.swift; path = AppDelegate.swift; sourceTree = "<group>"; };
		79108B392259472300FB584E /* ViewController.swift */ = {isa = PBXFileReference; lastKnownFileType = sourcecode.swift; path = ViewController.swift; sourceTree = "<group>"; };
		79108B3C2259472300FB584E /* Base */ = {isa = PBXFileReference; lastKnownFileType = file.storyboard; name = Base; path = Base.lproj/Main.storyboard; sourceTree = "<group>"; };
		79108B3E2259472500FB584E /* Assets.xcassets */ = {isa = PBXFileReference; lastKnownFileType = folder.assetcatalog; path = Assets.xcassets; sourceTree = "<group>"; };
		79108B412259472500FB584E /* Base */ = {isa = PBXFileReference; lastKnownFileType = file.storyboard; name = Base; path = Base.lproj/LaunchScreen.storyboard; sourceTree = "<group>"; };
		79108B432259472500FB584E /* Info.plist */ = {isa = PBXFileReference; lastKnownFileType = text.plist.xml; path = Info.plist; sourceTree = "<group>"; };
		79108B5B225A4E9B00FB584E /* PokerDice.scnassets */ = {isa = PBXFileReference; lastKnownFileType = wrapper.scnassets; path = PokerDice.scnassets; sourceTree = "<group>"; };
/* End PBXFileReference section */

/* Begin PBXFrameworksBuildPhase section */
		79108B2F2259472300FB584E /* Frameworks */ = {
			isa = PBXFrameworksBuildPhase;
			buildActionMask = 2147483647;
			files = (
			);
			runOnlyForDeploymentPostprocessing = 0;
		};
/* End PBXFrameworksBuildPhase section */

/* Begin PBXGroup section */
		79108B292259472300FB584E = {
			isa = PBXGroup;
			children = (
				79108B342259472300FB584E /* ARPocketDice */,
				79108B332259472300FB584E /* Products */,
			);
			sourceTree = "<group>";
		};
		79108B332259472300FB584E /* Products */ = {
			isa = PBXGroup;
			children = (
				79108B322259472300FB584E /* ARPocketDice.app */,
			);
			name = Products;
			sourceTree = "<group>";
		};
		79108B342259472300FB584E /* ARPocketDice */ = {
			isa = PBXGroup;
			children = (
				79108B5B225A4E9B00FB584E /* PokerDice.scnassets */,
				79108B352259472300FB584E /* AppDelegate.swift */,
				79108B392259472300FB584E /* ViewController.swift */,
				79108B3B2259472300FB584E /* Main.storyboard */,
				79108B3E2259472500FB584E /* Assets.xcassets */,
				79108B402259472500FB584E /* LaunchScreen.storyboard */,
				79108B432259472500FB584E /* Info.plist */,
			);
			path = ARPocketDice;
			sourceTree = "<group>";
		};
/* End PBXGroup section */

/* Begin PBXNativeTarget section */
		79108B312259472300FB584E /* ARPocketDice */ = {
			isa = PBXNativeTarget;
			buildConfigurationList = 79108B462259472500FB584E /* Build configuration list for PBXNativeTarget "ARPocketDice" */;
			buildPhases = (
				79108B2E2259472300FB584E /* Sources */,
				79108B2F2259472300FB584E /* Frameworks */,
				79108B302259472300FB584E /* Resources */,
			);
			buildRules = (
			);
			dependencies = (
			);
			name = ARPocketDice;
			productName = ARPocketDice;
			productReference = 79108B322259472300FB584E /* ARPocketDice.app */;
			productType = "com.apple.product-type.application";
		};
/* End PBXNativeTarget section */

/* Begin PBXProject section */
		79108B2A2259472300FB584E /* Project object */ = {
			isa = PBXProject;
			attributes = {
				LastSwiftUpdateCheck = 1020;
				LastUpgradeCheck = 1020;
				ORGANIZATIONNAME = Stas;
				TargetAttributes = {
					79108B312259472300FB584E = {
						CreatedOnToolsVersion = 10.2;
					};
				};
			};
			buildConfigurationList = 79108B2D2259472300FB584E /* Build configuration list for PBXProject "ARPocketDice" */;
			compatibilityVersion = "Xcode 9.3";
			developmentRegion = en;
			hasScannedForEncodings = 0;
			knownRegions = (
				en,
				Base,
			);
			mainGroup = 79108B292259472300FB584E;
			productRefGroup = 79108B332259472300FB584E /* Products */;
			projectDirPath = "";
			projectRoot = "";
			targets = (
				79108B312259472300FB584E /* ARPocketDice */,
			);
		};
/* End PBXProject section */

/* Begin PBXResourcesBuildPhase section */
		79108B302259472300FB584E /* Resources */ = {
			isa = PBXResourcesBuildPhase;
			buildActionMask = 2147483647;
			files = (
				79108B5C225A4E9B00FB584E /* PokerDice.scnassets in Resources */,
				79108B422259472500FB584E /* LaunchScreen.storyboard in Resources */,
				79108B3F2259472500FB584E /* Assets.xcassets in Resources */,
				79108B3D2259472300FB584E /* Main.storyboard in Resources */,
			);
			runOnlyForDeploymentPostprocessing = 0;
		};
/* End PBXResourcesBuildPhase section */

/* Begin PBXSourcesBuildPhase section */
		79108B2E2259472300FB584E /* Sources */ = {
			isa = PBXSourcesBuildPhase;
			buildActionMask = 2147483647;
			files = (
				79108B3A2259472300FB584E /* ViewController.swift in Sources */,
				79108B362259472300FB584E /* AppDelegate.swift in Sources */,
			);
			runOnlyForDeploymentPostprocessing = 0;
		};
/* End PBXSourcesBuildPhase section */

/* Begin PBXVariantGroup section */
		79108B3B2259472300FB584E /* Main.storyboard */ = {
			isa = PBXVariantGroup;
			children = (
				79108B3C2259472300FB584E /* Base */,
			);
			name = Main.storyboard;
			sourceTree = "<group>";
		};
		79108B402259472500FB584E /* LaunchScreen.storyboard */ = {
			isa = PBXVariantGroup;
			children = (
				79108B412259472500FB584E /* Base */,
			);
			name = LaunchScreen.storyboard;
			sourceTree = "<group>";
		};
/* End PBXVariantGroup section */

/* Begin XCBuildConfiguration section */
		79108B442259472500FB584E /* Debug */ = {
			isa = XCBuildConfiguration;
			buildSettings = {
				ALWAYS_SEARCH_USER_PATHS = NO;
				CLANG_ANALYZER_NONNULL = YES;
				CLANG_ANALYZER_NUMBER_OBJECT_CONVERSION = YES_AGGRESSIVE;
				CLANG_CXX_LANGUAGE_STANDARD = "gnu++14";
				CLANG_CXX_LIBRARY = "libc++";
				CLANG_ENABLE_MODULES = YES;
				CLANG_ENABLE_OBJC_ARC = YES;
				CLANG_ENABLE_OBJC_WEAK = YES;
				CLANG_WARN_BLOCK_CAPTURE_AUTORELEASING = YES;
				CLANG_WARN_BOOL_CONVERSION = YES;
				CLANG_WARN_COMMA = YES;
				CLANG_WARN_CONSTANT_CONVERSION = YES;
				CLANG_WARN_DEPRECATED_OBJC_IMPLEMENTATIONS = YES;
				CLANG_WARN_DIRECT_OBJC_ISA_USAGE = YES_ERROR;
				CLANG_WARN_DOCUMENTATION_COMMENTS = YES;
				CLANG_WARN_EMPTY_BODY = YES;
				CLANG_WARN_ENUM_CONVERSION = YES;
				CLANG_WARN_INFINITE_RECURSION = YES;
				CLANG_WARN_INT_CONVERSION = YES;
				CLANG_WARN_NON_LITERAL_NULL_CONVERSION = YES;
				CLANG_WARN_OBJC_IMPLICIT_RETAIN_SELF = YES;
				CLANG_WARN_OBJC_LITERAL_CONVERSION = YES;
				CLANG_WARN_OBJC_ROOT_CLASS = YES_ERROR;
				CLANG_WARN_RANGE_LOOP_ANALYSIS = YES;
				CLANG_WARN_STRICT_PROTOTYPES = YES;
				CLANG_WARN_SUSPICIOUS_MOVE = YES;
				CLANG_WARN_UNGUARDED_AVAILABILITY = YES_AGGRESSIVE;
				CLANG_WARN_UNREACHABLE_CODE = YES;
				CLANG_WARN__DUPLICATE_METHOD_MATCH = YES;
				CODE_SIGN_IDENTITY = "iPhone Developer";
				COPY_PHASE_STRIP = NO;
				DEBUG_INFORMATION_FORMAT = dwarf;
				ENABLE_STRICT_OBJC_MSGSEND = YES;
				ENABLE_TESTABILITY = YES;
				GCC_C_LANGUAGE_STANDARD = gnu11;
				GCC_DYNAMIC_NO_PIC = NO;
				GCC_NO_COMMON_BLOCKS = YES;
				GCC_OPTIMIZATION_LEVEL = 0;
				GCC_PREPROCESSOR_DEFINITIONS = (
					"DEBUG=1",
					"$(inherited)",
				);
				GCC_WARN_64_TO_32_BIT_CONVERSION = YES;
				GCC_WARN_ABOUT_RETURN_TYPE = YES_ERROR;
				GCC_WARN_UNDECLARED_SELECTOR = YES;
				GCC_WARN_UNINITIALIZED_AUTOS = YES_AGGRESSIVE;
				GCC_WARN_UNUSED_FUNCTION = YES;
				GCC_WARN_UNUSED_VARIABLE = YES;
				IPHONEOS_DEPLOYMENT_TARGET = 12.2;
				MTL_ENABLE_DEBUG_INFO = INCLUDE_SOURCE;
				MTL_FAST_MATH = YES;
				ONLY_ACTIVE_ARCH = YES;
				SDKROOT = iphoneos;
				SWIFT_ACTIVE_COMPILATION_CONDITIONS = DEBUG;
				SWIFT_OPTIMIZATION_LEVEL = "-Onone";
			};
			name = Debug;
		};
		79108B452259472500FB584E /* Release */ = {
			isa = XCBuildConfiguration;
			buildSettings = {
				ALWAYS_SEARCH_USER_PATHS = NO;
				CLANG_ANALYZER_NONNULL = YES;
				CLANG_ANALYZER_NUMBER_OBJECT_CONVERSION = YES_AGGRESSIVE;
				CLANG_CXX_LANGUAGE_STANDARD = "gnu++14";
				CLANG_CXX_LIBRARY = "libc++";
				CLANG_ENABLE_MODULES = YES;
				CLANG_ENABLE_OBJC_ARC = YES;
				CLANG_ENABLE_OBJC_WEAK = YES;
				CLANG_WARN_BLOCK_CAPTURE_AUTORELEASING = YES;
				CLANG_WARN_BOOL_CONVERSION = YES;
				CLANG_WARN_COMMA = YES;
				CLANG_WARN_CONSTANT_CONVERSION = YES;
				CLANG_WARN_DEPRECATED_OBJC_IMPLEMENTATIONS = YES;
				CLANG_WARN_DIRECT_OBJC_ISA_USAGE = YES_ERROR;
				CLANG_WARN_DOCUMENTATION_COMMENTS = YES;
				CLANG_WARN_EMPTY_BODY = YES;
				CLANG_WARN_ENUM_CONVERSION = YES;
				CLANG_WARN_INFINITE_RECURSION = YES;
				CLANG_WARN_INT_CONVERSION = YES;
				CLANG_WARN_NON_LITERAL_NULL_CONVERSION = YES;
				CLANG_WARN_OBJC_IMPLICIT_RETAIN_SELF = YES;
				CLANG_WARN_OBJC_LITERAL_CONVERSION = YES;
				CLANG_WARN_OBJC_ROOT_CLASS = YES_ERROR;
				CLANG_WARN_RANGE_LOOP_ANALYSIS = YES;
				CLANG_WARN_STRICT_PROTOTYPES = YES;
				CLANG_WARN_SUSPICIOUS_MOVE = YES;
				CLANG_WARN_UNGUARDED_AVAILABILITY = YES_AGGRESSIVE;
				CLANG_WARN_UNREACHABLE_CODE = YES;
				CLANG_WARN__DUPLICATE_METHOD_MATCH = YES;
				CODE_SIGN_IDENTITY = "iPhone Developer";
				COPY_PHASE_STRIP = NO;
				DEBUG_INFORMATION_FORMAT = "dwarf-with-dsym";
				ENABLE_NS_ASSERTIONS = NO;
				ENABLE_STRICT_OBJC_MSGSEND = YES;
				GCC_C_LANGUAGE_STANDARD = gnu11;
				GCC_NO_COMMON_BLOCKS = YES;
				GCC_WARN_64_TO_32_BIT_CONVERSION = YES;
				GCC_WARN_ABOUT_RETURN_TYPE = YES_ERROR;
				GCC_WARN_UNDECLARED_SELECTOR = YES;
				GCC_WARN_UNINITIALIZED_AUTOS = YES_AGGRESSIVE;
				GCC_WARN_UNUSED_FUNCTION = YES;
				GCC_WARN_UNUSED_VARIABLE = YES;
				IPHONEOS_DEPLOYMENT_TARGET = 12.2;
				MTL_ENABLE_DEBUG_INFO = NO;
				MTL_FAST_MATH = YES;
				SDKROOT = iphoneos;
				SWIFT_COMPILATION_MODE = wholemodule;
				SWIFT_OPTIMIZATION_LEVEL = "-O";
				VALIDATE_PRODUCT = YES;
			};
			name = Release;
		};
		79108B472259472500FB584E /* Debug */ = {
			isa = XCBuildConfiguration;
			buildSettings = {
				ASSETCATALOG_COMPILER_APPICON_NAME = AppIcon;
				CODE_SIGN_STYLE = Automatic;
				DEVELOPMENT_TEAM = 97H2JL6GLW;
				INFOPLIST_FILE = ARPocketDice/Info.plist;
				LD_RUNPATH_SEARCH_PATHS = (
					"$(inherited)",
					"@executable_path/Frameworks",
				);
				PRODUCT_BUNDLE_IDENTIFIER = Stas.ARPocketDice;
				PRODUCT_NAME = "$(TARGET_NAME)";
				SWIFT_VERSION = 5.0;
				TARGETED_DEVICE_FAMILY = "1,2";
			};
			name = Debug;
		};
		79108B482259472500FB584E /* Release */ = {
			isa = XCBuildConfiguration;
			buildSettings = {
				ASSETCATALOG_COMPILER_APPICON_NAME = AppIcon;
				CODE_SIGN_STYLE = Automatic;
				DEVELOPMENT_TEAM = 97H2JL6GLW;
				INFOPLIST_FILE = ARPocketDice/Info.plist;
				LD_RUNPATH_SEARCH_PATHS = (
					"$(inherited)",
					"@executable_path/Frameworks",
				);
				PRODUCT_BUNDLE_IDENTIFIER = Stas.ARPocketDice;
				PRODUCT_NAME = "$(TARGET_NAME)";
				SWIFT_VERSION = 5.0;
				TARGETED_DEVICE_FAMILY = "1,2";
			};
			name = Release;
		};
/* End XCBuildConfiguration section */

/* Begin XCConfigurationList section */
		79108B2D2259472300FB584E /* Build configuration list for PBXProject "ARPocketDice" */ = {
			isa = XCConfigurationList;
			buildConfigurations = (
				79108B442259472500FB584E /* Debug */,
				79108B452259472500FB584E /* Release */,
			);
			defaultConfigurationIsVisible = 0;
			defaultConfigurationName = Release;
		};
		79108B462259472500FB584E /* Build configuration list for PBXNativeTarget "ARPocketDice" */ = {
			isa = XCConfigurationList;
			buildConfigurations = (
				79108B472259472500FB584E /* Debug */,
				79108B482259472500FB584E /* Release */,
			);
			defaultConfigurationIsVisible = 0;
			defaultConfigurationName = Release;
		};
/* End XCConfigurationList section */
	};
	rootObject = 79108B2A2259472300FB584E /* Project object */;
}
